# THIS IS AN AUTOGENERATED FILE. DO NOT EDIT THIS FILE DIRECTLY.
# yarn lockfile v1
async-to-gen:
  version "1.1.4"
  resolved "https://registry.yarnpkg.com/async-to-gen/-/async-to-gen-1.1.4.tgz#0baa2a75d5b22b411054d5c85e4a0c06fcf9768d"
  dependencies:
    babylon "^6.11.4"
    magic-string "^0.16.0"

babylon@^6.11.4:
  version "6.13.1"
  resolved "https://registry.yarnpkg.com/babylon/-/babylon-6.13.1.tgz#adca350e088f0467647157652bafead6ddb8dfdb"

magic-string@^0.16.0:
  version "0.16.0"
  resolved "https://registry.yarnpkg.com/magic-string/-/magic-string-0.16.0.tgz#970ebb0da7193301285fb1aa650f39bdd81eb45a"
  dependencies:
    vlq "^0.2.1"

vlq@^0.2.1:
  version "0.2.1"
  resolved "https://registry.yarnpkg.com/vlq/-/vlq-0.2.1.tgz#14439d711891e682535467f8587c5630e4222a6c"

